<?xml version="1.0" encoding="utf-8"?>
<Project ToolsVersion="4.0" xmlns="http://schemas.microsoft.com/developer/msbuild/2003">
  <ItemGroup>
    <Filter Include="Source Files">
      <UniqueIdentifier>{4FC737F1-C7A5-4376-A066-2A32D752A2FF}</UniqueIdentifier>
      <Extensions>cpp;c;cc;cxx;def;odl;idl;hpj;bat;asm;asmx</Extensions>
    </Filter>
    <Filter Include="Header Files">
      <UniqueIdentifier>{93995380-89BD-4b04-88EB-625FBE52EBFB}</UniqueIdentifier>
      <Extensions>h;hh;hpp;hxx;hm;inl;inc;xsd</Extensions>
    </Filter>
    <Filter Include="Resource Files">
      <UniqueIdentifier>{67DA6AB6-F800-4c08-8B7A-83BB121AAD01}</UniqueIdentifier>
      <Extensions>rc;ico;cur;bmp;dlg;rc2;rct;bin;rgs;gif;jpg;jpeg;jpe;resx;tiff;tif;png;wav</Extensions>
    </Filter>
    <Filter Include="Source Files\ImGui">
      <UniqueIdentifier>{6620518e-c1ed-4050-bdf7-16b5e77e63bc}</UniqueIdentifier>
    </Filter>
    <Filter Include="Source Files\GL3W">
      <UniqueIdentifier>{277c9a40-14e0-4cdc-a5b9-6266ca88e7a9}</UniqueIdentifier>
    </Filter>
    <Filter Include="Header Files\ImGui">
      <UniqueIdentifier>{d9da210e-4b5f-46e1-b51d-2eaa21f83ee6}</UniqueIdentifier>
    </Filter>
    <Filter Include="Header Files\WebOS">
      <UniqueIdentifier>{0ff8a906-5314-4456-be6d-eba145bd8bbd}</UniqueIdentifier>
    </Filter>
    <Filter Include="Source Files\WebOS">
      <UniqueIdentifier>{a42895df-0624-49ee-b0ac-03e31e19f20f}</UniqueIdentifier>
    </Filter>
  </ItemGroup>
  <ItemGroup>
    <ClCompile Include="src\cpp\main.cpp">
      <Filter>Source Files</Filter>
    </ClCompile>
    <ClCompile Include="src\cpp\ImGui\imgui.cpp">
      <Filter>Source Files\ImGui</Filter>
    </ClCompile>
    <ClCompile Include="src\cpp\ImGui\imgui_demo.cpp">
      <Filter>Source Files\ImGui</Filter>
    </ClCompile>
    <ClCompile Include="src\cpp\ImGui\imgui_draw.cpp">
      <Filter>Source Files\ImGui</Filter>
    </ClCompile>
    <ClCompile Include="src\cpp\ImGui\imgui_widgets.cpp">
      <Filter>Source Files\ImGui</Filter>
    </ClCompile>
    <ClCompile Include="src\cpp\ImGui\examples\imgui_impl_opengl3.cpp">
      <Filter>Source Files\ImGui</Filter>
    </ClCompile>
    <ClCompile Include="src\cpp\ImGui\examples\imgui_impl_sdl.cpp">
      <Filter>Source Files\ImGui</Filter>
    </ClCompile>
    <ClCompile Include="src\cpp\ImGui\examples\libs\gl3w\GL\gl3w.c">
      <Filter>Source Files\GL3W</Filter>
    </ClCompile>
    <ClCompile Include="src\cpp\WebOS\WebOS_Window.cpp">
      <Filter>Source Files\WebOS</Filter>
    </ClCompile>
    <ClCompile Include="src\cpp\WebOS\WebOS_Init.cpp">
      <Filter>Source Files\WebOS</Filter>
    </ClCompile>
  </ItemGroup>
  <ItemGroup>
    <ClInclude Include="src\cpp\ImGui\imconfig.h">
      <Filter>Header Files\ImGui</Filter>
    </ClInclude>
    <ClInclude Include="imgui\imgui.h">
      <Filter>Header Files\ImGui</Filter>
    </ClInclude>
    <ClInclude Include="src\cpp\ImGui\examples\imgui_impl_opengl3.h">
      <Filter>Header Files\ImGui</Filter>
    </ClInclude>
    <ClInclude Include="src\cpp\ImGui\examples\imgui_impl_sdl.h">
      <Filter>Header Files\ImGui</Filter>
    </ClInclude>
    <ClInclude Include="imgui\examples\imgui_impl_sdl.h">
      <Filter>Header Files\ImGui</Filter>
    </ClInclude>
    <ClInclude Include="src\cpp\ImGui\imgui_internal.h">
      <Filter>Header Files\ImGui</Filter>
    </ClInclude>
    <ClInclude Include="src\cpp\WebOS\include\WebOS_Window.h">
      <Filter>Header Files\WebOS</Filter>
    </ClInclude>
    <ClInclude Include="src\cpp\WebOS\include\WebOS_Init.h">
      <Filter>Header Files\WebOS</Filter>
    </ClInclude>
  </ItemGroup>
</Project>